
Microsoft Visual Studio Solution File, Format Version 12.00
# Visual Studio Version 16
VisualStudioVersion = 16.0.31515.178
MinimumVisualStudioVersion = 10.0.40219.1
Project("{FAE04EC0-301F-11D3-BF4B-00C04F79EFBC}") = "Classes Test", "Classes Test\Classes Test.csproj", "{5CD57CB3-B51B-42CD-804C-9D2CFCB3BDC4}"
EndProject
Global
	GlobalSection(SolutionConfigurationPlatforms) = preSolution
		Debug|Any CPU = Debug|Any CPU
		Release|Any CPU = Release|Any CPU
	EndGlobalSection
	GlobalSection(ProjectConfigurationPlatforms) = postSolution
		{5CD57CB3-B51B-42CD-804C-9D2CFCB3BDC4}.Debug|Any CPU.ActiveCfg = Debug|Any CPU
		{5CD57CB3-B51B-42CD-804C-9D2CFCB3BDC4}.Debug|Any CPU.Build.0 = Debug|Any CPU
		{5CD57CB3-B51B-42CD-804C-9D2CFCB3BDC4}.Release|Any CPU.ActiveCfg = Release|Any CPU
		{5CD57CB3-B51B-42CD-804C-9D2CFCB3BDC4}.Release|Any CPU.Build.0 = Release|Any CPU
	EndGlobalSection
	GlobalSection(SolutionProperties) = preSolution
		HideSolutionNode = FALSE
	EndGlobalSection
	GlobalSection(ExtensibilityGlobals) = postSolution
		SolutionGuid = {9586B1CC-C981-4E73-928D-7FECF161887A}
	EndGlobalSection
EndGlobal
